
Microsoft Visual Studio Solution File, Format Version 12.00
# Visual Studio 14
VisualStudioVersion = 14.0.25420.1
MinimumVisualStudioVersion = 10.0.40219.1
Project("{FAE04EC0-301F-11D3-BF4B-00C04F79EFBC}") = "ERP", "ERP\ERP.csproj", "{90406CE3-6530-4C1C-BBB1-6047513F04BB}"
EndProject
Project("{FAE04EC0-301F-11D3-BF4B-00C04F79EFBC}") = "ERPapi", "ERPapi\ERPapi.csproj", "{273E9B44-9C6C-421F-A37F-7E614104CFC8}"
EndProject
Project("{FAE04EC0-301F-11D3-BF4B-00C04F79EFBC}") = "GlobalDB", "GlobalDB\GlobalDB.csproj", "{E69D95CB-36C4-4E50-9558-494F6F2B4BD9}"
EndProject
Global
	GlobalSection(SolutionConfigurationPlatforms) = preSolution
		Debug|Any CPU = Debug|Any CPU
		Release|Any CPU = Release|Any CPU
	EndGlobalSection
	GlobalSection(ProjectConfigurationPlatforms) = postSolution
		{90406CE3-6530-4C1C-BBB1-6047513F04BB}.Debug|Any CPU.ActiveCfg = Debug|Any CPU
		{90406CE3-6530-4C1C-BBB1-6047513F04BB}.Debug|Any CPU.Build.0 = Debug|Any CPU
		{90406CE3-6530-4C1C-BBB1-6047513F04BB}.Release|Any CPU.ActiveCfg = Release|Any CPU
		{90406CE3-6530-4C1C-BBB1-6047513F04BB}.Release|Any CPU.Build.0 = Release|Any CPU
		{273E9B44-9C6C-421F-A37F-7E614104CFC8}.Debug|Any CPU.ActiveCfg = Debug|Any CPU
		{273E9B44-9C6C-421F-A37F-7E614104CFC8}.Debug|Any CPU.Build.0 = Debug|Any CPU
		{273E9B44-9C6C-421F-A37F-7E614104CFC8}.Release|Any CPU.ActiveCfg = Release|Any CPU
		{273E9B44-9C6C-421F-A37F-7E614104CFC8}.Release|Any CPU.Build.0 = Release|Any CPU
		{E69D95CB-36C4-4E50-9558-494F6F2B4BD9}.Debug|Any CPU.ActiveCfg = Debug|Any CPU
		{E69D95CB-36C4-4E50-9558-494F6F2B4BD9}.Debug|Any CPU.Build.0 = Debug|Any CPU
		{E69D95CB-36C4-4E50-9558-494F6F2B4BD9}.Release|Any CPU.ActiveCfg = Release|Any CPU
		{E69D95CB-36C4-4E50-9558-494F6F2B4BD9}.Release|Any CPU.Build.0 = Release|Any CPU
	EndGlobalSection
	GlobalSection(SolutionProperties) = preSolution
		HideSolutionNode = FALSE
	EndGlobalSection
EndGlobal
